id: secret-leak-block
name: Secret Leak Block
description: Block tool calls where arguments appear to contain API keys or tokens.
match:
  upstream: "*"
  tool: "*"
when:
  - condition: any_of
    conditions:
      - condition: arg_matches_regex
        arg: "*"
        pattern: "(?:AKIA|ASIA)[A-Z0-9]{16}"
      - condition: arg_matches_regex
        arg: "*"
        pattern: "(?:sk-|pk-)[a-zA-Z0-9]{20,}"
      - condition: arg_matches_regex
        arg: "*"
        pattern: "gh[pousr]_[A-Za-z0-9_]{36}"
action: block
reason: "Potential secret key detected in arguments"
priority: 95
